Microsoft Visual Studio Solution File, Format Version 10.00
# Visual Studio 2008
Project("{8BC9CEB8-8B4A-11D0-8D11-00A0C91BC942}") = "autoswitch", "autoswitch\autoswitch.vcproj", "{02C6FF66-E8CD-35BB-AC05-2FC5FD0A800E}"
	ProjectSection(ProjectDependencies) = postProject
		{CAE567FF-A23E-37A2-8436-29B25038833D} = {CAE567FF-A23E-37A2-8436-29B25038833D}
	EndProjectSection
EndProject
Project("{8BC9CEB8-8B4A-11D0-8D11-00A0C91BC942}") = "axes", "axes\axes.vcproj", "{7553A537-CFF9-3779-AAB5-B8B953B79BAC}"
	ProjectSection(ProjectDependencies) = postProject
		{CAE567FF-A23E-37A2-8436-29B25038833D} = {CAE567FF-A23E-37A2-8436-29B25038833D}
	EndProjectSection
EndProject
Project("{8BC9CEB8-8B4A-11D0-8D11-00A0C91BC942}") = "enrichments", "enrichments\enrichments.vcproj", "{2A59D991-C94D-3516-8AD3-70332F2291A0}"
	ProjectSection(ProjectDependencies) = postProject
		{CAE567FF-A23E-37A2-8436-29B25038833D} = {CAE567FF-A23E-37A2-8436-29B25038833D}
	EndProjectSection
EndProject
Project("{8BC9CEB8-8B4A-11D0-8D11-00A0C91BC942}") = "qwtplot3d", "..\qwtplot3d.vcproj", "{CAE567FF-A23E-37A2-8436-29B25038833D}"
EndProject
Project("{8BC9CEB8-8B4A-11D0-8D11-00A0C91BC942}") = "simpleplot", "simpleplot\simpleplot.vcproj", "{644D2D27-2A77-3F31-93CA-6C12A236F702}"
	ProjectSection(ProjectDependencies) = postProject
		{CAE567FF-A23E-37A2-8436-29B25038833D} = {CAE567FF-A23E-37A2-8436-29B25038833D}
	EndProjectSection
EndProject
Project("{8BC9CEB8-8B4A-11D0-8D11-00A0C91BC942}") = "freemesh", "freemesh\freemesh.vcproj", "{3C976730-A846-3F9F-A67D-2081D64E592C}"
	ProjectSection(ProjectDependencies) = postProject
		{CAE567FF-A23E-37A2-8436-29B25038833D} = {CAE567FF-A23E-37A2-8436-29B25038833D}
	EndProjectSection
EndProject
Project("{8BC9CEB8-8B4A-11D0-8D11-00A0C91BC942}") = "graph", "graph\graph.vcproj", "{3934A220-C2E5-3D1C-882D-85CC3BC1CE64}"
	ProjectSection(ProjectDependencies) = postProject
		{CAE567FF-A23E-37A2-8436-29B25038833D} = {CAE567FF-A23E-37A2-8436-29B25038833D}
	EndProjectSection
EndProject
Project("{8BC9CEB8-8B4A-11D0-8D11-00A0C91BC942}") = "mesh", "mesh\mesh.vcproj", "{D06E4C3D-86F9-31EB-AB44-BE45C7B76145}"
	ProjectSection(ProjectDependencies) = postProject
		{CAE567FF-A23E-37A2-8436-29B25038833D} = {CAE567FF-A23E-37A2-8436-29B25038833D}
	EndProjectSection
EndProject
Global
	GlobalSection(SolutionConfigurationPlatforms) = preSolution
		Debug|Win32 = Debug|Win32
		Release|Win32 = Release|Win32
	EndGlobalSection
	GlobalSection(ProjectConfigurationPlatforms) = postSolution
		{02C6FF66-E8CD-35BB-AC05-2FC5FD0A800E}.Debug|Win32.ActiveCfg = Debug|Win32
		{02C6FF66-E8CD-35BB-AC05-2FC5FD0A800E}.Debug|Win32.Build.0 = Debug|Win32
		{02C6FF66-E8CD-35BB-AC05-2FC5FD0A800E}.Release|Win32.ActiveCfg = Release|Win32
		{7553A537-CFF9-3779-AAB5-B8B953B79BAC}.Debug|Win32.ActiveCfg = Debug|Win32
		{7553A537-CFF9-3779-AAB5-B8B953B79BAC}.Debug|Win32.Build.0 = Debug|Win32
		{7553A537-CFF9-3779-AAB5-B8B953B79BAC}.Release|Win32.ActiveCfg = Release|Win32
		{2A59D991-C94D-3516-8AD3-70332F2291A0}.Debug|Win32.ActiveCfg = Debug|Win32
		{2A59D991-C94D-3516-8AD3-70332F2291A0}.Debug|Win32.Build.0 = Debug|Win32
		{2A59D991-C94D-3516-8AD3-70332F2291A0}.Release|Win32.ActiveCfg = Release|Win32
		{CAE567FF-A23E-37A2-8436-29B25038833D}.Debug|Win32.ActiveCfg = Debug|Win32
		{CAE567FF-A23E-37A2-8436-29B25038833D}.Debug|Win32.Build.0 = Debug|Win32
		{CAE567FF-A23E-37A2-8436-29B25038833D}.Release|Win32.ActiveCfg = Release|Win32
		{644D2D27-2A77-3F31-93CA-6C12A236F702}.Debug|Win32.ActiveCfg = Debug|Win32
		{644D2D27-2A77-3F31-93CA-6C12A236F702}.Debug|Win32.Build.0 = Debug|Win32
		{644D2D27-2A77-3F31-93CA-6C12A236F702}.Release|Win32.ActiveCfg = Release|Win32
		{3C976730-A846-3F9F-A67D-2081D64E592C}.Debug|Win32.ActiveCfg = Debug|Win32
		{3C976730-A846-3F9F-A67D-2081D64E592C}.Debug|Win32.Build.0 = Debug|Win32
		{3C976730-A846-3F9F-A67D-2081D64E592C}.Release|Win32.ActiveCfg = Release|Win32
		{3934A220-C2E5-3D1C-882D-85CC3BC1CE64}.Debug|Win32.ActiveCfg = Debug|Win32
		{3934A220-C2E5-3D1C-882D-85CC3BC1CE64}.Debug|Win32.Build.0 = Debug|Win32
		{3934A220-C2E5-3D1C-882D-85CC3BC1CE64}.Release|Win32.ActiveCfg = Release|Win32
		{D06E4C3D-86F9-31EB-AB44-BE45C7B76145}.Debug|Win32.ActiveCfg = Debug|Win32
		{D06E4C3D-86F9-31EB-AB44-BE45C7B76145}.Debug|Win32.Build.0 = Debug|Win32
		{D06E4C3D-86F9-31EB-AB44-BE45C7B76145}.Release|Win32.ActiveCfg = Release|Win32
		{D06E4C3D-86F9-31EB-AB44-BE45C7B76145}.Release|Win32.Build.0 = Release|Win32
	EndGlobalSection
	GlobalSection(SolutionProperties) = preSolution
		HideSolutionNode = FALSE
	EndGlobalSection
EndGlobal
