Microsoft Visual Studio Solution File, Format Version 10.00
# Visual Studio 2008
Project("{8BC9CEB8-8B4A-11D0-8D11-00A0C91BC942}") = "autoswitch", "autoswitch\autoswitch.vcproj", "{F8F8D5AD-653D-3C11-8C79-524E9AD86697}"
	ProjectSection(ProjectDependencies) = postProject
		{0060460C-C2BA-3AF9-9B4A-E1D87EF40EA9} = {0060460C-C2BA-3AF9-9B4A-E1D87EF40EA9}
	EndProjectSection
EndProject
Project("{8BC9CEB8-8B4A-11D0-8D11-00A0C91BC942}") = "axes", "axes\axes.vcproj", "{C4E644B0-CE2A-338F-8338-91987DC9740E}"
	ProjectSection(ProjectDependencies) = postProject
		{0060460C-C2BA-3AF9-9B4A-E1D87EF40EA9} = {0060460C-C2BA-3AF9-9B4A-E1D87EF40EA9}
	EndProjectSection
EndProject
Project("{8BC9CEB8-8B4A-11D0-8D11-00A0C91BC942}") = "enrichments", "enrichments\enrichments.vcproj", "{BC7594CF-12AD-396E-9496-020C11427372}"
	ProjectSection(ProjectDependencies) = postProject
		{0060460C-C2BA-3AF9-9B4A-E1D87EF40EA9} = {0060460C-C2BA-3AF9-9B4A-E1D87EF40EA9}
	EndProjectSection
EndProject
Project("{8BC9CEB8-8B4A-11D0-8D11-00A0C91BC942}") = "mesh2", "mesh2\mesh2.vcproj", "{4B9662F1-5A73-31F3-9AF4-9794DE681B9B}"
	ProjectSection(ProjectDependencies) = postProject
		{0060460C-C2BA-3AF9-9B4A-E1D87EF40EA9} = {0060460C-C2BA-3AF9-9B4A-E1D87EF40EA9}
	EndProjectSection
EndProject
Project("{8BC9CEB8-8B4A-11D0-8D11-00A0C91BC942}") = "qwtplot3d", "..\qwtplot3d.vcproj", "{0060460C-C2BA-3AF9-9B4A-E1D87EF40EA9}"
EndProject
Project("{8BC9CEB8-8B4A-11D0-8D11-00A0C91BC942}") = "simpleplot", "simpleplot\simpleplot.vcproj", "{F6E026B8-2924-3529-9F99-6297BEACBC99}"
	ProjectSection(ProjectDependencies) = postProject
		{0060460C-C2BA-3AF9-9B4A-E1D87EF40EA9} = {0060460C-C2BA-3AF9-9B4A-E1D87EF40EA9}
	EndProjectSection
EndProject
Project("{8BC9CEB8-8B4A-11D0-8D11-00A0C91BC942}") = "freemesh", "freemesh\freemesh.vcproj", "{5EEDAC24-4252-3C3D-9EFC-BAB73D912AAE}"
	ProjectSection(ProjectDependencies) = postProject
		{0060460C-C2BA-3AF9-9B4A-E1D87EF40EA9} = {0060460C-C2BA-3AF9-9B4A-E1D87EF40EA9}
	EndProjectSection
EndProject
Project("{8BC9CEB8-8B4A-11D0-8D11-00A0C91BC942}") = "graph", "graph\graph.vcproj", "{CC234D52-02EA-3EAE-BE6F-D7C396DBFCF1}"
	ProjectSection(ProjectDependencies) = postProject
		{0060460C-C2BA-3AF9-9B4A-E1D87EF40EA9} = {0060460C-C2BA-3AF9-9B4A-E1D87EF40EA9}
	EndProjectSection
EndProject
Global
	GlobalSection(SolutionConfigurationPlatforms) = preSolution
		Debug|Win32 = Debug|Win32
		Release|Win32 = Release|Win32
	EndGlobalSection
	GlobalSection(ProjectConfigurationPlatforms) = postSolution
		{F8F8D5AD-653D-3C11-8C79-524E9AD86697}.Debug|Win32.ActiveCfg = Debug|Win32
		{F8F8D5AD-653D-3C11-8C79-524E9AD86697}.Debug|Win32.Build.0 = Debug|Win32
		{F8F8D5AD-653D-3C11-8C79-524E9AD86697}.Release|Win32.ActiveCfg = Release|Win32
		{C4E644B0-CE2A-338F-8338-91987DC9740E}.Debug|Win32.ActiveCfg = Debug|Win32
		{C4E644B0-CE2A-338F-8338-91987DC9740E}.Debug|Win32.Build.0 = Debug|Win32
		{C4E644B0-CE2A-338F-8338-91987DC9740E}.Release|Win32.ActiveCfg = Release|Win32
		{BC7594CF-12AD-396E-9496-020C11427372}.Debug|Win32.ActiveCfg = Debug|Win32
		{BC7594CF-12AD-396E-9496-020C11427372}.Debug|Win32.Build.0 = Debug|Win32
		{BC7594CF-12AD-396E-9496-020C11427372}.Release|Win32.ActiveCfg = Release|Win32
		{4B9662F1-5A73-31F3-9AF4-9794DE681B9B}.Debug|Win32.ActiveCfg = Debug|Win32
		{4B9662F1-5A73-31F3-9AF4-9794DE681B9B}.Debug|Win32.Build.0 = Debug|Win32
		{4B9662F1-5A73-31F3-9AF4-9794DE681B9B}.Release|Win32.ActiveCfg = Release|Win32
		{0060460C-C2BA-3AF9-9B4A-E1D87EF40EA9}.Debug|Win32.ActiveCfg = Debug|Win32
		{0060460C-C2BA-3AF9-9B4A-E1D87EF40EA9}.Debug|Win32.Build.0 = Debug|Win32
		{0060460C-C2BA-3AF9-9B4A-E1D87EF40EA9}.Release|Win32.ActiveCfg = Release|Win32
		{F6E026B8-2924-3529-9F99-6297BEACBC99}.Debug|Win32.ActiveCfg = Debug|Win32
		{F6E026B8-2924-3529-9F99-6297BEACBC99}.Debug|Win32.Build.0 = Debug|Win32
		{F6E026B8-2924-3529-9F99-6297BEACBC99}.Release|Win32.ActiveCfg = Release|Win32
		{5EEDAC24-4252-3C3D-9EFC-BAB73D912AAE}.Debug|Win32.ActiveCfg = Debug|Win32
		{5EEDAC24-4252-3C3D-9EFC-BAB73D912AAE}.Debug|Win32.Build.0 = Debug|Win32
		{5EEDAC24-4252-3C3D-9EFC-BAB73D912AAE}.Release|Win32.ActiveCfg = Release|Win32
		{CC234D52-02EA-3EAE-BE6F-D7C396DBFCF1}.Debug|Win32.ActiveCfg = Debug|Win32
		{CC234D52-02EA-3EAE-BE6F-D7C396DBFCF1}.Debug|Win32.Build.0 = Debug|Win32
		{CC234D52-02EA-3EAE-BE6F-D7C396DBFCF1}.Release|Win32.ActiveCfg = Release|Win32
	EndGlobalSection
	GlobalSection(SolutionProperties) = preSolution
		HideSolutionNode = FALSE
	EndGlobalSection
EndGlobal
