Microsoft Visual Studio Solution File, Format Version 10.00
# Visual Studio 2008
Project("{8BC9CEB8-8B4A-11D0-8D11-00A0C91BC942}") = "autoswitch", "autoswitch\autoswitch.vcproj", "{818B1D8D-81BF-3010-A3DA-2B025C38315B}"
	ProjectSection(ProjectDependencies) = postProject
		{6F774629-17E2-35C6-A777-FCA63A91A924} = {6F774629-17E2-35C6-A777-FCA63A91A924}
	EndProjectSection
EndProject
Project("{8BC9CEB8-8B4A-11D0-8D11-00A0C91BC942}") = "axes", "axes\axes.vcproj", "{FB4B5A90-C6F4-3649-83B0-D6A6C4244CD8}"
	ProjectSection(ProjectDependencies) = postProject
		{6F774629-17E2-35C6-A777-FCA63A91A924} = {6F774629-17E2-35C6-A777-FCA63A91A924}
	EndProjectSection
EndProject
Project("{8BC9CEB8-8B4A-11D0-8D11-00A0C91BC942}") = "enrichments", "enrichments\enrichments.vcproj", "{62D1F3E1-0807-3A1B-BE23-7517A72F7102}"
	ProjectSection(ProjectDependencies) = postProject
		{6F774629-17E2-35C6-A777-FCA63A91A924} = {6F774629-17E2-35C6-A777-FCA63A91A924}
	EndProjectSection
EndProject
Project("{8BC9CEB8-8B4A-11D0-8D11-00A0C91BC942}") = "qwtplot3d", "..\qwtplot3d.vcproj", "{6F774629-17E2-35C6-A777-FCA63A91A924}"
EndProject
Project("{8BC9CEB8-8B4A-11D0-8D11-00A0C91BC942}") = "simpleplot", "simpleplot\simpleplot.vcproj", "{94C5734C-0B14-3A40-9323-098A2FAE6EA1}"
	ProjectSection(ProjectDependencies) = postProject
		{6F774629-17E2-35C6-A777-FCA63A91A924} = {6F774629-17E2-35C6-A777-FCA63A91A924}
	EndProjectSection
EndProject
Project("{8BC9CEB8-8B4A-11D0-8D11-00A0C91BC942}") = "freemesh", "freemesh\freemesh.vcproj", "{30829D86-FE87-3F04-A9DA-F7A7EAE853AF}"
	ProjectSection(ProjectDependencies) = postProject
		{6F774629-17E2-35C6-A777-FCA63A91A924} = {6F774629-17E2-35C6-A777-FCA63A91A924}
	EndProjectSection
EndProject
Project("{8BC9CEB8-8B4A-11D0-8D11-00A0C91BC942}") = "graph", "graph\graph.vcproj", "{3EEB99D0-94A0-39B9-B603-2A3383512220}"
	ProjectSection(ProjectDependencies) = postProject
		{6F774629-17E2-35C6-A777-FCA63A91A924} = {6F774629-17E2-35C6-A777-FCA63A91A924}
	EndProjectSection
EndProject
Project("{8BC9CEB8-8B4A-11D0-8D11-00A0C91BC942}") = "mesh", "mesh\mesh.vcproj", "{A6DF0CA7-CA10-3C84-BA80-6E075490E076}"
	ProjectSection(ProjectDependencies) = postProject
		{6F774629-17E2-35C6-A777-FCA63A91A924} = {6F774629-17E2-35C6-A777-FCA63A91A924}
	EndProjectSection
EndProject
Project("{8BC9CEB8-8B4A-11D0-8D11-00A0C91BC942}") = "plotlets", "plotlets\plotlets.vcproj", "{14F52250-93B1-389B-873C-402F1808A7BD}"
	ProjectSection(ProjectDependencies) = postProject
		{6F774629-17E2-35C6-A777-FCA63A91A924} = {6F774629-17E2-35C6-A777-FCA63A91A924}
	EndProjectSection
EndProject
Global
	GlobalSection(SolutionConfigurationPlatforms) = preSolution
		Debug|Win32 = Debug|Win32
		Release|Win32 = Release|Win32
	EndGlobalSection
	GlobalSection(ProjectConfigurationPlatforms) = postSolution
		{818B1D8D-81BF-3010-A3DA-2B025C38315B}.Debug|Win32.ActiveCfg = Debug|Win32
		{818B1D8D-81BF-3010-A3DA-2B025C38315B}.Debug|Win32.Build.0 = Debug|Win32
		{818B1D8D-81BF-3010-A3DA-2B025C38315B}.Release|Win32.ActiveCfg = Release|Win32
		{FB4B5A90-C6F4-3649-83B0-D6A6C4244CD8}.Debug|Win32.ActiveCfg = Debug|Win32
		{FB4B5A90-C6F4-3649-83B0-D6A6C4244CD8}.Debug|Win32.Build.0 = Debug|Win32
		{FB4B5A90-C6F4-3649-83B0-D6A6C4244CD8}.Release|Win32.ActiveCfg = Release|Win32
		{62D1F3E1-0807-3A1B-BE23-7517A72F7102}.Debug|Win32.ActiveCfg = Debug|Win32
		{62D1F3E1-0807-3A1B-BE23-7517A72F7102}.Debug|Win32.Build.0 = Debug|Win32
		{62D1F3E1-0807-3A1B-BE23-7517A72F7102}.Release|Win32.ActiveCfg = Release|Win32
		{6F774629-17E2-35C6-A777-FCA63A91A924}.Debug|Win32.ActiveCfg = Debug|Win32
		{6F774629-17E2-35C6-A777-FCA63A91A924}.Debug|Win32.Build.0 = Debug|Win32
		{6F774629-17E2-35C6-A777-FCA63A91A924}.Release|Win32.ActiveCfg = Release|Win32
		{94C5734C-0B14-3A40-9323-098A2FAE6EA1}.Debug|Win32.ActiveCfg = Debug|Win32
		{94C5734C-0B14-3A40-9323-098A2FAE6EA1}.Debug|Win32.Build.0 = Debug|Win32
		{94C5734C-0B14-3A40-9323-098A2FAE6EA1}.Release|Win32.ActiveCfg = Release|Win32
		{30829D86-FE87-3F04-A9DA-F7A7EAE853AF}.Debug|Win32.ActiveCfg = Debug|Win32
		{30829D86-FE87-3F04-A9DA-F7A7EAE853AF}.Debug|Win32.Build.0 = Debug|Win32
		{30829D86-FE87-3F04-A9DA-F7A7EAE853AF}.Release|Win32.ActiveCfg = Release|Win32
		{3EEB99D0-94A0-39B9-B603-2A3383512220}.Debug|Win32.ActiveCfg = Debug|Win32
		{3EEB99D0-94A0-39B9-B603-2A3383512220}.Debug|Win32.Build.0 = Debug|Win32
		{3EEB99D0-94A0-39B9-B603-2A3383512220}.Release|Win32.ActiveCfg = Release|Win32
		{A6DF0CA7-CA10-3C84-BA80-6E075490E076}.Debug|Win32.ActiveCfg = Debug|Win32
		{A6DF0CA7-CA10-3C84-BA80-6E075490E076}.Debug|Win32.Build.0 = Debug|Win32
		{A6DF0CA7-CA10-3C84-BA80-6E075490E076}.Release|Win32.ActiveCfg = Release|Win32
		{A6DF0CA7-CA10-3C84-BA80-6E075490E076}.Release|Win32.Build.0 = Release|Win32
		{14F52250-93B1-389B-873C-402F1808A7BD}.Debug|Win32.ActiveCfg = Debug|Win32
		{14F52250-93B1-389B-873C-402F1808A7BD}.Debug|Win32.Build.0 = Debug|Win32
		{14F52250-93B1-389B-873C-402F1808A7BD}.Release|Win32.ActiveCfg = Release|Win32
		{14F52250-93B1-389B-873C-402F1808A7BD}.Release|Win32.Build.0 = Release|Win32
	EndGlobalSection
	GlobalSection(SolutionProperties) = preSolution
		HideSolutionNode = FALSE
	EndGlobalSection
EndGlobal
